
Microsoft Visual Studio Solution File, Format Version 12.00
# Visual Studio 15
VisualStudioVersion = 15.0.27130.2020
MinimumVisualStudioVersion = 10.0.40219.1
Project("{9A19103F-16F7-4668-BE54-9A1E7A4F7556}") = "TiledRescale", "TiledRescale\TiledRescale.csproj", "{C373643C-A9B0-4D06-B32D-EF6690DD7EFE}"
EndProject
Project("{9A19103F-16F7-4668-BE54-9A1E7A4F7556}") = "ConsoleTest", "ConsoleTest\ConsoleTest.csproj", "{C46EFA7D-A51C-4810-B9AE-A2D9BBF87845}"
EndProject
Global
	GlobalSection(SolutionConfigurationPlatforms) = preSolution
		Debug|Any CPU = Debug|Any CPU
		Release|Any CPU = Release|Any CPU
	EndGlobalSection
	GlobalSection(ProjectConfigurationPlatforms) = postSolution
		{C373643C-A9B0-4D06-B32D-EF6690DD7EFE}.Debug|Any CPU.ActiveCfg = Debug|Any CPU
		{C373643C-A9B0-4D06-B32D-EF6690DD7EFE}.Debug|Any CPU.Build.0 = Debug|Any CPU
		{C373643C-A9B0-4D06-B32D-EF6690DD7EFE}.Release|Any CPU.ActiveCfg = Release|Any CPU
		{C373643C-A9B0-4D06-B32D-EF6690DD7EFE}.Release|Any CPU.Build.0 = Release|Any CPU
		{C46EFA7D-A51C-4810-B9AE-A2D9BBF87845}.Debug|Any CPU.ActiveCfg = Debug|Any CPU
		{C46EFA7D-A51C-4810-B9AE-A2D9BBF87845}.Debug|Any CPU.Build.0 = Debug|Any CPU
		{C46EFA7D-A51C-4810-B9AE-A2D9BBF87845}.Release|Any CPU.ActiveCfg = Release|Any CPU
		{C46EFA7D-A51C-4810-B9AE-A2D9BBF87845}.Release|Any CPU.Build.0 = Release|Any CPU
	EndGlobalSection
	GlobalSection(SolutionProperties) = preSolution
		HideSolutionNode = FALSE
	EndGlobalSection
	GlobalSection(ExtensibilityGlobals) = postSolution
		SolutionGuid = {6EE97B61-2AF2-4CE8-A041-5D00636E84E8}
	EndGlobalSection
EndGlobal
